
Microsoft Visual Studio Solution File, Format Version 12.00
# Visual Studio Version 17
VisualStudioVersion = 17.4.33213.308
MinimumVisualStudioVersion = 10.0.40219.1
Project("{FAE04EC0-301F-11D3-BF4B-00C04F79EFBC}") = "ConsoleApp12", "ConsoleApp12\ConsoleApp12.csproj", "{7931F27F-F9CE-4F5B-A192-0BB297024D3C}"
EndProject
Global
	GlobalSection(SolutionConfigurationPlatforms) = preSolution
		Debug|Any CPU = Debug|Any CPU
		Release|Any CPU = Release|Any CPU
	EndGlobalSection
	GlobalSection(ProjectConfigurationPlatforms) = postSolution
		{7931F27F-F9CE-4F5B-A192-0BB297024D3C}.Debug|Any CPU.ActiveCfg = Debug|Any CPU
		{7931F27F-F9CE-4F5B-A192-0BB297024D3C}.Debug|Any CPU.Build.0 = Debug|Any CPU
		{7931F27F-F9CE-4F5B-A192-0BB297024D3C}.Release|Any CPU.ActiveCfg = Release|Any CPU
		{7931F27F-F9CE-4F5B-A192-0BB297024D3C}.Release|Any CPU.Build.0 = Release|Any CPU
	EndGlobalSection
	GlobalSection(SolutionProperties) = preSolution
		HideSolutionNode = FALSE
	EndGlobalSection
	GlobalSection(ExtensibilityGlobals) = postSolution
		SolutionGuid = {049BF1B5-CB34-4CE4-99E1-7E71EB80AF3F}
	EndGlobalSection
EndGlobal
